
Microsoft Visual Studio Solution File, Format Version 12.00
# Visual Studio Version 17
VisualStudioVersion = 17.5.33414.496
MinimumVisualStudioVersion = 10.0.40219.1
Project("{FAE04EC0-301F-11D3-BF4B-00C04F79EFBC}") = "Projet_RMS_Final", "Projet_RMS_Final\Projet_RMS_Final.csproj", "{DB8A5B9C-3125-4EC8-9F36-F111854ABE29}"
EndProject
Global
	GlobalSection(SolutionConfigurationPlatforms) = preSolution
		Debug|Any CPU = Debug|Any CPU
		Release|Any CPU = Release|Any CPU
	EndGlobalSection
	GlobalSection(ProjectConfigurationPlatforms) = postSolution
		{DB8A5B9C-3125-4EC8-9F36-F111854ABE29}.Debug|Any CPU.ActiveCfg = Debug|Any CPU
		{DB8A5B9C-3125-4EC8-9F36-F111854ABE29}.Debug|Any CPU.Build.0 = Debug|Any CPU
		{DB8A5B9C-3125-4EC8-9F36-F111854ABE29}.Release|Any CPU.ActiveCfg = Release|Any CPU
		{DB8A5B9C-3125-4EC8-9F36-F111854ABE29}.Release|Any CPU.Build.0 = Release|Any CPU
	EndGlobalSection
	GlobalSection(SolutionProperties) = preSolution
		HideSolutionNode = FALSE
	EndGlobalSection
	GlobalSection(ExtensibilityGlobals) = postSolution
		SolutionGuid = {D1755EB1-08CF-4852-9E57-5F336ABE0AAC}
	EndGlobalSection
EndGlobal
